
Microsoft Visual Studio Solution File, Format Version 12.00
# Visual Studio Version 17
VisualStudioVersion = 17.2.32602.215
MinimumVisualStudioVersion = 10.0.40219.1
Project("{FAE04EC0-301F-11D3-BF4B-00C04F79EFBC}") = "Cajero", "Cajero\Cajero.csproj", "{2864F2D0-78CB-4201-954C-725FD63AB5CF}"
EndProject
Global
	GlobalSection(SolutionConfigurationPlatforms) = preSolution
		Debug|Any CPU = Debug|Any CPU
		Release|Any CPU = Release|Any CPU
	EndGlobalSection
	GlobalSection(ProjectConfigurationPlatforms) = postSolution
		{2864F2D0-78CB-4201-954C-725FD63AB5CF}.Debug|Any CPU.ActiveCfg = Debug|Any CPU
		{2864F2D0-78CB-4201-954C-725FD63AB5CF}.Debug|Any CPU.Build.0 = Debug|Any CPU
		{2864F2D0-78CB-4201-954C-725FD63AB5CF}.Release|Any CPU.ActiveCfg = Release|Any CPU
		{2864F2D0-78CB-4201-954C-725FD63AB5CF}.Release|Any CPU.Build.0 = Release|Any CPU
	EndGlobalSection
	GlobalSection(SolutionProperties) = preSolution
		HideSolutionNode = FALSE
	EndGlobalSection
	GlobalSection(ExtensibilityGlobals) = postSolution
		SolutionGuid = {5E014F13-F56B-47D5-8985-380841F14E19}
	EndGlobalSection
EndGlobal
